
Microsoft Visual Studio Solution File, Format Version 12.00
# Visual Studio 15
VisualStudioVersion = 15.0.27428.1
MinimumVisualStudioVersion = 10.0.40219.1
Project("{9A19103F-16F7-4668-BE54-9A1E7A4F7556}") = "SudoSolver.Core", "SudoSolver.Core\SudoSolver.Core.csproj", "{25DE2AD4-5B46-4598-B376-67D697D3CB45}"
EndProject
Project("{FAE04EC0-301F-11D3-BF4B-00C04F79EFBC}") = "Test", "Test\Test.csproj", "{C773FA18-DDDC-43AC-B92E-8CD690E64670}"
EndProject
Global
	GlobalSection(SolutionConfigurationPlatforms) = preSolution
		Debug|Any CPU = Debug|Any CPU
		Release|Any CPU = Release|Any CPU
	EndGlobalSection
	GlobalSection(ProjectConfigurationPlatforms) = postSolution
		{25DE2AD4-5B46-4598-B376-67D697D3CB45}.Debug|Any CPU.ActiveCfg = Debug|Any CPU
		{25DE2AD4-5B46-4598-B376-67D697D3CB45}.Debug|Any CPU.Build.0 = Debug|Any CPU
		{25DE2AD4-5B46-4598-B376-67D697D3CB45}.Release|Any CPU.ActiveCfg = Release|Any CPU
		{25DE2AD4-5B46-4598-B376-67D697D3CB45}.Release|Any CPU.Build.0 = Release|Any CPU
		{C773FA18-DDDC-43AC-B92E-8CD690E64670}.Debug|Any CPU.ActiveCfg = Debug|Any CPU
		{C773FA18-DDDC-43AC-B92E-8CD690E64670}.Debug|Any CPU.Build.0 = Debug|Any CPU
		{C773FA18-DDDC-43AC-B92E-8CD690E64670}.Release|Any CPU.ActiveCfg = Release|Any CPU
		{C773FA18-DDDC-43AC-B92E-8CD690E64670}.Release|Any CPU.Build.0 = Release|Any CPU
	EndGlobalSection
	GlobalSection(SolutionProperties) = preSolution
		HideSolutionNode = FALSE
	EndGlobalSection
	GlobalSection(ExtensibilityGlobals) = postSolution
		SolutionGuid = {E4686B65-FDD0-447D-B460-7739EDDA0DAB}
	EndGlobalSection
EndGlobal
