
Microsoft Visual Studio Solution File, Format Version 12.00
# Visual Studio Version 16
VisualStudioVersion = 16.0.29728.190
MinimumVisualStudioVersion = 10.0.40219.1
Project("{F2A71F9B-5D33-465A-A702-920D77279786}") = "SudokuSolver", "SudokuSolver\SudokuSolver.fsproj", "{A0BC38C0-AD70-4E5B-B2B4-AF3F8D3DE55B}"
EndProject
Project("{F2A71F9B-5D33-465A-A702-920D77279786}") = "SolverRunner", "SolverRunner\SolverRunner.fsproj", "{94BF7280-C408-4CF9-B455-07751414FF9D}"
EndProject
Global
	GlobalSection(SolutionConfigurationPlatforms) = preSolution
		Debug|Any CPU = Debug|Any CPU
		Release|Any CPU = Release|Any CPU
	EndGlobalSection
	GlobalSection(ProjectConfigurationPlatforms) = postSolution
		{A0BC38C0-AD70-4E5B-B2B4-AF3F8D3DE55B}.Debug|Any CPU.ActiveCfg = Debug|Any CPU
		{A0BC38C0-AD70-4E5B-B2B4-AF3F8D3DE55B}.Debug|Any CPU.Build.0 = Debug|Any CPU
		{A0BC38C0-AD70-4E5B-B2B4-AF3F8D3DE55B}.Release|Any CPU.ActiveCfg = Release|Any CPU
		{A0BC38C0-AD70-4E5B-B2B4-AF3F8D3DE55B}.Release|Any CPU.Build.0 = Release|Any CPU
		{94BF7280-C408-4CF9-B455-07751414FF9D}.Debug|Any CPU.ActiveCfg = Debug|Any CPU
		{94BF7280-C408-4CF9-B455-07751414FF9D}.Debug|Any CPU.Build.0 = Debug|Any CPU
		{94BF7280-C408-4CF9-B455-07751414FF9D}.Release|Any CPU.ActiveCfg = Release|Any CPU
		{94BF7280-C408-4CF9-B455-07751414FF9D}.Release|Any CPU.Build.0 = Release|Any CPU
	EndGlobalSection
	GlobalSection(SolutionProperties) = preSolution
		HideSolutionNode = FALSE
	EndGlobalSection
	GlobalSection(ExtensibilityGlobals) = postSolution
		SolutionGuid = {5E0A56A4-E945-416D-A8AB-02EFFB54D526}
	EndGlobalSection
	GlobalSection(Performance) = preSolution
		HasPerformanceSessions = true
	EndGlobalSection
EndGlobal
